
Microsoft Visual Studio Solution File, Format Version 12.00
# Visual Studio Version 17
VisualStudioVersion = 17.6.33723.286
MinimumVisualStudioVersion = 10.0.40219.1
Project("{FAE04EC0-301F-11D3-BF4B-00C04F79EFBC}") = "PetsForSaleWebAPI", "PetsForSaleWebAPI\PetsForSaleWebAPI.csproj", "{F95137A0-5D19-475B-BD93-E8BA03233799}"
EndProject
Global
	GlobalSection(SolutionConfigurationPlatforms) = preSolution
		Debug|Any CPU = Debug|Any CPU
		Release|Any CPU = Release|Any CPU
	EndGlobalSection
	GlobalSection(ProjectConfigurationPlatforms) = postSolution
		{F95137A0-5D19-475B-BD93-E8BA03233799}.Debug|Any CPU.ActiveCfg = Debug|Any CPU
		{F95137A0-5D19-475B-BD93-E8BA03233799}.Debug|Any CPU.Build.0 = Debug|Any CPU
		{F95137A0-5D19-475B-BD93-E8BA03233799}.Release|Any CPU.ActiveCfg = Release|Any CPU
		{F95137A0-5D19-475B-BD93-E8BA03233799}.Release|Any CPU.Build.0 = Release|Any CPU
	EndGlobalSection
	GlobalSection(SolutionProperties) = preSolution
		HideSolutionNode = FALSE
	EndGlobalSection
	GlobalSection(ExtensibilityGlobals) = postSolution
		SolutionGuid = {D1BD8B8D-8DB8-4891-BAEE-532027F0018F}
	EndGlobalSection
EndGlobal
